{
  "version": 1,
  "dependencies": {
    ".NETStandard,Version=v2.0": {
      "System.Security.Cryptography.Pkcs": {
        "type": "Direct",
        "requested": "[6.0.4, )",
        "resolved": "6.0.4",
        "contentHash": "db8bba63d2ff4b9bd7a35abaa754296000efd9de8ac6585564c5a1241ec782fa193f12e56807e717e62522bb77f127c6034b43af28fa62e599149d49290979a2"
      },
      "Microsoft.Identity.Web": {
        "type": "Direct",
        "requested": "[2.16.0, )",
        "resolved": "2.16.0",
        "contentHash": "506011333db1ae91c014859755c5efdcae3b66c713f339d0b272d93ec6ab2f229f00604d2108ac19ca9b5cb58c9457ef0070ca2080b6a855281e78bce57f6d48"
      },
      "System.Security.Cryptography.Xml": {
        "type": "Direct",
        "requested": "[6.0.2, )",
        "resolved": "6.0.2",
        "contentHash": "55c95d7b94b90964a4232927ec29a45fe702db96e86439094397701ba5df3272b2981033a5f552f143f2e76de4b0eb4078616a8b0ac157106ba449c0c0291c9a"
      },
      "System.Net.Http": {
        "type": "Direct",
        "requested": "[4.3.4, )",
        "resolved": "4.3.4",
        "contentHash": "163edeef734d1f0a1ff7b8053d326eabc82fe86f3de72c6466dd780d59d974487882f2a5f16ae4b02c0d8c8a7f25e617ff2bbfab133f88ebfd6a2f99637169ed"
      },
      "System.Text.Encodings.Web": {
        "type": "Direct",
        "requested": "[6.0.0, )",
        "resolved": "6.0.0",
        "contentHash": "0f26afeeaa709ea1f05ef87058408dd9df640c869d7398b2c9c270268ddf21a9208cd7d2bfa1f7fbd8a5ceab735dd22d470a3689627c9c4fadc0ea5fe76237fa"
      },
      "Newtonsoft.Json": {
        "type": "Direct",
        "requested": "[13.0.1, )",
        "resolved": "13.0.1",
        "contentHash": "83731b662eaf05379a23f8446ef47bbc111349dd4358b7bd8b51383fe9cf637e2fe62f78cea52a0d7bdd582dc6fbbb5837d4a7b1d53dcf37a0ae7473e21ee7b1"
      },
      "Swashbuckle.AspNetCore": {
        "type": "Direct",
        "requested": "[6.2.3, )",
        "resolved": "6.2.3",
        "contentHash": "3e491d5f00e2ea8c26170ed72c0ab670beb3d8178baff82a4aa8e97986791f65125c62a73e413d5d6b435ca2205e2bbe92d6e542a504a7ad2cce552eb3548f93"
      }
    }
  }
}