{
  "version": 1,
  "dependencies": {
    ".NETCoreApp,Version=v8.0": {
      "System.Security.Cryptography.Pkcs": {
        "type": "Direct",
        "requested": "[8.0.0, )",
        "resolved": "8.0.0",
        "contentHash": "zWk9gw+KSXYnBfrm+nUF7u17gexrNmJOwj0WcLw7kxJB9VAabPTsj9PwPod8QIkSp0q4M/4DTHKhMbc7op2GlQ=="
      },
      "Microsoft.Identity.Web": {
        "type": "Direct",
        "requested": "[2.16.0, )",
        "resolved": "2.16.0",
        "contentHash": "UGARMz2xrpHAFIWXVcXv3K47ZscT8znQsnLZPsarLyKfAGBNIQisGcqbXLWMlFfvAHDKIIC2qFUoHni85X9tSA=="
      },
      "System.Security.Cryptography.Xml": {
        "type": "Direct",
        "requested": "[7.0.1, )",
        "resolved": "7.0.1",
        "contentHash": "HCzVTDG/6lOAPThe3ocTgu5ClHF3dIgGY3b5/6cDjPEH+qOmzXNxq6RsmCxbD5k09I+N0v/j12XRAYGvE1ULKQ=="
      },
      "System.Net.Http": {
        "type": "Direct",
        "requested": "[4.3.4, )",
        "resolved": "4.3.4",
        "contentHash": "Fj7e73NNHwof97gFPTJuq8gv6G895yxkZt14DVnZdEh4gvKl8WrksCwNjIp/JeYX/yu/qxM/iOv9ai+ZY3Fp7Q=="
      },
      "System.Text.Encodings.Web": {
        "type": "Direct",
        "requested": "[6.0.0, )",
        "resolved": "6.0.0",
        "contentHash": "Dyav7qpwnqHwXvhwWECN2d9kDIadc5iyycJwJo3fIakgjNfSv6H3+9ilzqtzXdItRwo2iWJ8nE+twOpf52I3+g=="
      },
      "Newtonsoft.Json": {
        "type": "Direct",
        "requested": "[13.0.1, )",
        "resolved": "13.0.1",
        "contentHash": "g3MbZi6vBTeaI/hEbvR7vBETSd1DWLe9i1E4P+nPY34v5i94zqUqDXvdWC3G+7tYN9SnsdU9zzegrnRz4h7nsQ=="
      },
      "Swashbuckle.AspNetCore": {
        "type": "Direct",
        "requested": "[6.2.3, )",
        "resolved": "6.2.3",
        "contentHash": "PkkdXwDi6owmFw7XLAq2cL6z2BeLr/gqSqjpeYZ5H2USXGKnPkE9XWtDXKIgXiu+ktblQqUEp60szlUus1SPkw=="
      }
    }
  }
}