{
  "version": 1,
  "dependencies": {
    ".NETStandard,Version=v2.0": {
      "System.Security.Cryptography.Pkcs": {
        "type": "Direct",
        "requested": "[8.0.0, )",
        "resolved": "8.0.0",
        "contentHash": "cd693d830f8a49762705fae6fa7505eeed7b81ec6b36624ec23d1670bc3b931241f5501a6cf4ec8fd3f03e877c408912a74ab833fe034c72a131b73ba29d8695"
      },
      "Microsoft.Identity.Web": {
        "type": "Direct",
        "requested": "[2.16.0, )",
        "resolved": "2.16.0",
        "contentHash": "506011333db1ae91c014859755c5efdcae3b66c713f339d0b272d93ec6ab2f229f00604d2108ac19ca9b5cb58c9457ef0070ca2080b6a855281e78bce57f6d48"
      },
      "System.Security.Cryptography.Xml": {
        "type": "Direct",
        "requested": "[7.0.1, )",
        "resolved": "7.0.1",
        "contentHash": "1c2cd54c31bfea53803d385ede871382ee429471777488066376f9ffa7038cf107faa3a6cd7371aba46c982c5b0f9934f48f8dd2ffe3d765d10181af13550b29"
      },
      "System.Net.Http": {
        "type": "Direct",
        "requested": "[4.3.4, )",
        "resolved": "4.3.4",
        "contentHash": "163edeef734d1f0a1ff7b8053d326eabc82fe86f3de72c6466dd780d59d974487882f2a5f16ae4b02c0d8c8a7f25e617ff2bbfab133f88ebfd6a2f99637169ed"
      },
      "System.Text.Encodings.Web": {
        "type": "Direct",
        "requested": "[8.0.0, )",
        "resolved": "8.0.0",
        "contentHash": "ba0822c38c3b658aba9495642d269e882b827e3be4ad2dc1426d8a97d3cbc5a2277c5f80847d0cb9381078af01523328c4992caa058146d5d8ee6b8a08609c32"
      },
      "Newtonsoft.Json": {
        "type": "Direct",
        "requested": "[13.0.1, )",
        "resolved": "13.0.1",
        "contentHash": "83731b662eaf05379a23f8446ef47bbc111349dd4358b7bd8b51383fe9cf637e2fe62f78cea52a0d7bdd582dc6fbbb5837d4a7b1d53dcf37a0ae7473e21ee7b1"
      },
      "Swashbuckle.AspNetCore": {
        "type": "Direct",
        "requested": "[6.2.3, )",
        "resolved": "6.2.3",
        "contentHash": "3e491d5f00e2ea8c26170ed72c0ab670beb3d8178baff82a4aa8e97986791f65125c62a73e413d5d6b435ca2205e2bbe92d6e542a504a7ad2cce552eb3548f93"
      }
    }
  }
}